
Microsoft Visual Studio Solution File, Format Version 12.00
Project("{FAE04EC0-301F-11D3-BF4B-00C04F79EFBC}") = "ESourcing.Products", "ESourcing.Products\ESourcing.Products.csproj", "{3B77DD55-051C-4C1A-934C-FB1895C15F24}"
EndProject
Project("{2150E333-8FDC-42A3-9474-1A3956D46DE8}") = "Solution Items", "Solution Items", "{17112A61-B3F4-4CAE-8DA0-832CCE2781D8}"
	ProjectSection(SolutionItems) = preProject
		compose.yaml = compose.yaml
	EndProjectSection
EndProject
Project("{FAE04EC0-301F-11D3-BF4B-00C04F79EFBC}") = "ESourcing.Sourcing", "ESourcing.Sourcing\ESourcing.Sourcing.csproj", "{8FFE1CCB-49B2-4182-A224-6EBCEA24325E}"
EndProject
Project("{FAE04EC0-301F-11D3-BF4B-00C04F79EFBC}") = "EventBusRabbitMQ", "EventBusRabbitMQ\EventBusRabbitMQ.csproj", "{85B6FB8B-FBA1-4A1E-AB91-2031D40E489A}"
EndProject
Project("{FAE04EC0-301F-11D3-BF4B-00C04F79EFBC}") = "ESourcing.Order", "ESourcing.Order\ESourcing.Order.csproj", "{E94FFE1D-791E-4B0E-9631-B984C9F68C62}"
EndProject
Project("{FAE04EC0-301F-11D3-BF4B-00C04F79EFBC}") = "ESourcing.Order.Application", "ESourcing.Order.Application\ESourcing.Order.Application.csproj", "{E25A3456-9998-4EB2-ADD1-15226B936133}"
EndProject
Project("{FAE04EC0-301F-11D3-BF4B-00C04F79EFBC}") = "ESourcing.Order.Domain", "ESourcing.Order.Domain\ESourcing.Order.Domain.csproj", "{DEF6AE33-FAFD-4BB8-8A55-45C24CB794E9}"
EndProject
Project("{FAE04EC0-301F-11D3-BF4B-00C04F79EFBC}") = "ESourcing.Order.Infrastructure", "ESourcing.Order.Infrastructure\ESourcing.Order.Infrastructure.csproj", "{0656A0F9-0D01-4E24-8D8E-126E256D00DF}"
EndProject
Global
	GlobalSection(SolutionConfigurationPlatforms) = preSolution
		Debug|Any CPU = Debug|Any CPU
		Release|Any CPU = Release|Any CPU
	EndGlobalSection
	GlobalSection(ProjectConfigurationPlatforms) = postSolution
		{3B77DD55-051C-4C1A-934C-FB1895C15F24}.Debug|Any CPU.ActiveCfg = Debug|Any CPU
		{3B77DD55-051C-4C1A-934C-FB1895C15F24}.Debug|Any CPU.Build.0 = Debug|Any CPU
		{3B77DD55-051C-4C1A-934C-FB1895C15F24}.Release|Any CPU.ActiveCfg = Release|Any CPU
		{3B77DD55-051C-4C1A-934C-FB1895C15F24}.Release|Any CPU.Build.0 = Release|Any CPU
		{8FFE1CCB-49B2-4182-A224-6EBCEA24325E}.Debug|Any CPU.ActiveCfg = Debug|Any CPU
		{8FFE1CCB-49B2-4182-A224-6EBCEA24325E}.Debug|Any CPU.Build.0 = Debug|Any CPU
		{8FFE1CCB-49B2-4182-A224-6EBCEA24325E}.Release|Any CPU.ActiveCfg = Release|Any CPU
		{8FFE1CCB-49B2-4182-A224-6EBCEA24325E}.Release|Any CPU.Build.0 = Release|Any CPU
		{85B6FB8B-FBA1-4A1E-AB91-2031D40E489A}.Debug|Any CPU.ActiveCfg = Debug|Any CPU
		{85B6FB8B-FBA1-4A1E-AB91-2031D40E489A}.Debug|Any CPU.Build.0 = Debug|Any CPU
		{85B6FB8B-FBA1-4A1E-AB91-2031D40E489A}.Release|Any CPU.ActiveCfg = Release|Any CPU
		{85B6FB8B-FBA1-4A1E-AB91-2031D40E489A}.Release|Any CPU.Build.0 = Release|Any CPU
		{E94FFE1D-791E-4B0E-9631-B984C9F68C62}.Debug|Any CPU.ActiveCfg = Debug|Any CPU
		{E94FFE1D-791E-4B0E-9631-B984C9F68C62}.Debug|Any CPU.Build.0 = Debug|Any CPU
		{E94FFE1D-791E-4B0E-9631-B984C9F68C62}.Release|Any CPU.ActiveCfg = Release|Any CPU
		{E94FFE1D-791E-4B0E-9631-B984C9F68C62}.Release|Any CPU.Build.0 = Release|Any CPU
		{E25A3456-9998-4EB2-ADD1-15226B936133}.Debug|Any CPU.ActiveCfg = Debug|Any CPU
		{E25A3456-9998-4EB2-ADD1-15226B936133}.Debug|Any CPU.Build.0 = Debug|Any CPU
		{E25A3456-9998-4EB2-ADD1-15226B936133}.Release|Any CPU.ActiveCfg = Release|Any CPU
		{E25A3456-9998-4EB2-ADD1-15226B936133}.Release|Any CPU.Build.0 = Release|Any CPU
		{DEF6AE33-FAFD-4BB8-8A55-45C24CB794E9}.Debug|Any CPU.ActiveCfg = Debug|Any CPU
		{DEF6AE33-FAFD-4BB8-8A55-45C24CB794E9}.Debug|Any CPU.Build.0 = Debug|Any CPU
		{DEF6AE33-FAFD-4BB8-8A55-45C24CB794E9}.Release|Any CPU.ActiveCfg = Release|Any CPU
		{DEF6AE33-FAFD-4BB8-8A55-45C24CB794E9}.Release|Any CPU.Build.0 = Release|Any CPU
		{0656A0F9-0D01-4E24-8D8E-126E256D00DF}.Debug|Any CPU.ActiveCfg = Debug|Any CPU
		{0656A0F9-0D01-4E24-8D8E-126E256D00DF}.Debug|Any CPU.Build.0 = Debug|Any CPU
		{0656A0F9-0D01-4E24-8D8E-126E256D00DF}.Release|Any CPU.ActiveCfg = Release|Any CPU
		{0656A0F9-0D01-4E24-8D8E-126E256D00DF}.Release|Any CPU.Build.0 = Release|Any CPU
	EndGlobalSection
EndGlobal
